
Microsoft Visual Studio Solution File, Format Version 12.00
# Visual Studio Version 16
VisualStudioVersion = 16.0.30907.101
MinimumVisualStudioVersion = 10.0.40219.1
Project("{FAE04EC0-301F-11D3-BF4B-00C04F79EFBC}") = "General_Insurance", "General_Insurance\General_Insurance.csproj", "{D71FA0EB-4478-4DC8-B144-600F92342570}"
EndProject
Global
	GlobalSection(SolutionConfigurationPlatforms) = preSolution
		Debug|Any CPU = Debug|Any CPU
		Release|Any CPU = Release|Any CPU
	EndGlobalSection
	GlobalSection(ProjectConfigurationPlatforms) = postSolution
		{D71FA0EB-4478-4DC8-B144-600F92342570}.Debug|Any CPU.ActiveCfg = Debug|Any CPU
		{D71FA0EB-4478-4DC8-B144-600F92342570}.Debug|Any CPU.Build.0 = Debug|Any CPU
		{D71FA0EB-4478-4DC8-B144-600F92342570}.Release|Any CPU.ActiveCfg = Release|Any CPU
		{D71FA0EB-4478-4DC8-B144-600F92342570}.Release|Any CPU.Build.0 = Release|Any CPU
	EndGlobalSection
	GlobalSection(SolutionProperties) = preSolution
		HideSolutionNode = FALSE
	EndGlobalSection
	GlobalSection(ExtensibilityGlobals) = postSolution
		SolutionGuid = {9BDBFE76-AED9-463A-99CD-817DE12FF3C8}
	EndGlobalSection
EndGlobal
